<?xml version="1.0" encoding="UTF-8"?>
<Scheme
   LastUpgradeVersion = "1100"
   version = "1.3">
   <BuildAction
      parallelizeBuildables = "YES"
      buildImplicitDependencies = "YES">
      <BuildActionEntries>
         <BuildActionEntry
            buildForTesting = "YES"
            buildForRunning = "YES"
            buildForProfiling = "YES"
            buildForArchiving = "YES"
            buildForAnalyzing = "YES">
            <BuildableReference
               BuildableIdentifier = "primary"
               BlueprintIdentifier = "4D45E7B522DDD1AD008AC433"
               BuildableName = "Shortlist WatchKit App.app"
               BlueprintName = "Shortlist WatchKit App"
               ReferencedContainer = "container:Shortlist.xcodeproj">
            </BuildableReference>
         </BuildActionEntry>
         <BuildActionEntry
            buildForTesting = "YES"
            buildForRunning = "YES"
            buildForProfiling = "YES"
            buildForArchiving = "YES"
            buildForAnalyzing = "YES">
            <BuildableReference
               BuildableIdentifier = "primary"
               BlueprintIdentifier = "4D45E78D22DDD1AB008AC433"
               BuildableName = "Shortlist.app"
               BlueprintName = "Shortlist"
               ReferencedContainer = "container:Shortlist.xcodeproj">
            </BuildableReference>
         </BuildActionEntry>
      </BuildActionEntries>
   </BuildAction>
   <TestAction
      buildConfiguration = "Debug"
      selectedDebuggerIdentifier = "Xcode.DebuggerFoundation.Debugger.LLDB"
      selectedLauncherIdentifier = "Xcode.DebuggerFoundation.Launcher.LLDB"
      shouldUseLaunchSchemeArgsEnv = "YES">
      <Testables>
         <TestableReference
            skipped = "NO">
            <BuildableReference
               BuildableIdentifier = "primary"
               BlueprintIdentifier = "4DF3E35E2403DC6E002B402C"
               BuildableName = "Snapshot.xctest"
               BlueprintName = "Snapshot"
               ReferencedContainer = "container:Shortlist.xcodeproj">
            </BuildableReference>
         </TestableReference>
         <TestableReference
            skipped = "NO">
            <BuildableReference
               BuildableIdentifier = "primary"
               BlueprintIdentifier = "4DF3E36E2403E01F002B402C"
               BuildableName = "ScreenshotTester.xctest"
               BlueprintName = "ScreenshotTester"
               ReferencedContainer = "container:Shortlist.xcodeproj">
            </BuildableReference>
         </TestableReference>
      </Testables>
   </TestAction>
   <LaunchAction
      buildConfiguration = "Debug"
      selectedDebuggerIdentifier = "Xcode.DebuggerFoundation.Debugger.LLDB"
      selectedLauncherIdentifier = "Xcode.DebuggerFoundation.Launcher.LLDB"
      launchStyle = "0"
      useCustomWorkingDirectory = "NO"
      ignoresPersistentStateOnLaunch = "NO"
      debugDocumentVersioning = "YES"
      debugServiceExtension = "internal"
      allowLocationSimulation = "YES">
      <RemoteRunnable
         runnableDebuggingMode = "2"
         BundleIdentifier = "com.apple.Carousel"
         RemotePath = "/Five WatchKit App">
         <BuildableReference
            BuildableIdentifier = "primary"
            BlueprintIdentifier = "4D45E7B522DDD1AD008AC433"
            BuildableName = "Shortlist WatchKit App.app"
            BlueprintName = "Shortlist WatchKit App"
            ReferencedContainer = "container:Shortlist.xcodeproj">
         </BuildableReference>
      </RemoteRunnable>
   </LaunchAction>
   <ProfileAction
      buildConfiguration = "Release"
      shouldUseLaunchSchemeArgsEnv = "YES"
      savedToolIdentifier = ""
      useCustomWorkingDirectory = "NO"
      debugDocumentVersioning = "YES">
      <RemoteRunnable
         runnableDebuggingMode = "2"
         BundleIdentifier = "com.apple.Carousel"
         RemotePath = "/Five WatchKit App">
         <BuildableReference
            BuildableIdentifier = "primary"
            BlueprintIdentifier = "4D45E7B522DDD1AD008AC433"
            BuildableName = "Shortlist WatchKit App.app"
            BlueprintName = "Shortlist WatchKit App"
            ReferencedContainer = "container:Shortlist.xcodeproj">
         </BuildableReference>
      </RemoteRunnable>
      <MacroExpansion>
         <BuildableReference
            BuildableIdentifier = "primary"
            BlueprintIdentifier = "4D45E7B522DDD1AD008AC433"
            BuildableName = "Shortlist WatchKit App.app"
            BlueprintName = "Shortlist WatchKit App"
            ReferencedContainer = "container:Shortlist.xcodeproj">
         </BuildableReference>
      </MacroExpansion>
   </ProfileAction>
   <AnalyzeAction
      buildConfiguration = "Debug">
   </AnalyzeAction>
   <ArchiveAction
      buildConfiguration = "Release"
      revealArchiveInOrganizer = "YES">
   </ArchiveAction>
</Scheme>
