// !$*UTF8*$!
{
	archiveVersion = 1;
	classes = {
	};
	objectVersion = 54;
	objects = {

/* Begin PBXBuildFile section */
		4D09D56D2C1B6889002735BA /* TaskDetailsCoordinator.swift in Sources */ = {isa = PBXBuildFile; fileRef = 4D09D56C2C1B6889002735BA /* TaskDetailsCoordinator.swift */; };
		4D1C12032C2F932800E15BD2 /* TaskStatus.swift in Sources */ = {isa = PBXBuildFile; fileRef = 4D1C12022C2F932800E15BD2 /* TaskStatus.swift */; };
		4D2F65F72C154C85001ADB4A /* Coordinator.swift in Sources */ = {isa = PBXBuildFile; fileRef = 4D2F65F62C154C85001ADB4A /* Coordinator.swift */; };
		4D404BF72BCB758100923ADB /* SLTaskCell.swift in Sources */ = {isa = PBXBuildFile; fileRef = 4D404BF62BCB758100923ADB /* SLTaskCell.swift */; };
		4D45E79222DDD1AB008AC433 /* AppDelegate.swift in Sources */ = {isa = PBXBuildFile; fileRef = 4D45E79122DDD1AB008AC433 /* AppDelegate.swift */; };
		4D45E79922DDD1AD008AC433 /* Assets.xcassets in Resources */ = {isa = PBXBuildFile; fileRef = 4D45E79822DDD1AD008AC433 /* Assets.xcassets */; };
		4D45E79C22DDD1AD008AC433 /* LaunchScreen.storyboard in Resources */ = {isa = PBXBuildFile; fileRef = 4D45E79A22DDD1AD008AC433 /* LaunchScreen.storyboard */; };
		4D45E7A722DDD1AD008AC433 /* FiveTests.swift in Sources */ = {isa = PBXBuildFile; fileRef = 4D45E7A622DDD1AD008AC433 /* FiveTests.swift */; };
		4D45E7B222DDD1AD008AC433 /* FiveUITests.swift in Sources */ = {isa = PBXBuildFile; fileRef = 4D45E7B122DDD1AD008AC433 /* FiveUITests.swift */; };
		4D598B6422EEBE480020076D /* CoreDataStack.swift in Sources */ = {isa = PBXBuildFile; fileRef = 4D598B6322EEBE480020076D /* CoreDataStack.swift */; };
		4D60F13524C8870200979912 /* TaskListViewController.swift in Sources */ = {isa = PBXBuildFile; fileRef = 4D60F13424C8870200979912 /* TaskListViewController.swift */; };
		4D6339982BEDA3C600E3EE32 /* TaskDetailsViewController.swift in Sources */ = {isa = PBXBuildFile; fileRef = 4D6339972BEDA3C600E3EE32 /* TaskDetailsViewController.swift */; };
		4D63399A2BEDC09700E3EE32 /* TaskDetailsViewModel.swift in Sources */ = {isa = PBXBuildFile; fileRef = 4D6339992BEDC09700E3EE32 /* TaskDetailsViewModel.swift */; };
		4D63399C2BEDF66300E3EE32 /* Binding.swift in Sources */ = {isa = PBXBuildFile; fileRef = 4D63399B2BEDF66300E3EE32 /* Binding.swift */; };
		4D6CEE5B2C30E1600023BDC4 /* UIColor+AppColors.swift in Sources */ = {isa = PBXBuildFile; fileRef = 4D6CEE5A2C30E1600023BDC4 /* UIColor+AppColors.swift */; };
		4D6F157A2C2F29B30079E79B /* LocationService.swift in Sources */ = {isa = PBXBuildFile; fileRef = 4D6F15792C2F29B30079E79B /* LocationService.swift */; };
		4D6F157E2C2F2A790079E79B /* PriorityLevel.swift in Sources */ = {isa = PBXBuildFile; fileRef = 4D6F157D2C2F2A790079E79B /* PriorityLevel.swift */; };
		4D7017122C5DBFE10007F029 /* DatasourceSupervisor.swift in Sources */ = {isa = PBXBuildFile; fileRef = 4D7017112C5DBFE10007F029 /* DatasourceSupervisor.swift */; };
		4D78ABF722DF0C9C001FD57F /* ShortlistModel.xcdatamodeld in Sources */ = {isa = PBXBuildFile; fileRef = 4D78ABF522DF0C9C001FD57F /* ShortlistModel.xcdatamodeld */; };
		4D8D363A2BC9B447008713C2 /* TaskListCoordinator.swift in Sources */ = {isa = PBXBuildFile; fileRef = 4D8D36392BC9B447008713C2 /* TaskListCoordinator.swift */; };
		4D8D363C2BC9B45B008713C2 /* TaskListViewModel.swift in Sources */ = {isa = PBXBuildFile; fileRef = 4D8D363B2BC9B45B008713C2 /* TaskListViewModel.swift */; };
		4D962AB82C1E0E360081D07F /* CoreDataStack+Extension.swift in Sources */ = {isa = PBXBuildFile; fileRef = 4D962AB72C1E0E360081D07F /* CoreDataStack+Extension.swift */; };
		4D9D22212C1D1E3A00925E1B /* Refreshable.swift in Sources */ = {isa = PBXBuildFile; fileRef = 4D9D22202C1D1E3A00925E1B /* Refreshable.swift */; };
		4D9D22252C1D3ADE00925E1B /* Date+Extension.swift in Sources */ = {isa = PBXBuildFile; fileRef = 4D9D22242C1D3ADE00925E1B /* Date+Extension.swift */; };
		4DB043D32BCA028A00A3901F /* UICollectionViewLayout+Extension.swift in Sources */ = {isa = PBXBuildFile; fileRef = 4DB043D22BCA028A00A3901F /* UICollectionViewLayout+Extension.swift */; };
		4DB043DE2BCA090E00A3901F /* WhizUtilKit in Frameworks */ = {isa = PBXBuildFile; productRef = 4DB043DD2BCA090E00A3901F /* WhizUtilKit */; };
		4DB043E02BCA216100A3901F /* UICollectionView+Extension.swift in Sources */ = {isa = PBXBuildFile; fileRef = 4DB043DF2BCA216100A3901F /* UICollectionView+Extension.swift */; };
		4DB043E22BCA33CB00A3901F /* SceneDelegate.swift in Sources */ = {isa = PBXBuildFile; fileRef = 4DB043E12BCA33CB00A3901F /* SceneDelegate.swift */; };
		4DB043E42BCA364800A3901F /* Main.storyboard in Resources */ = {isa = PBXBuildFile; fileRef = 4DB043E32BCA364800A3901F /* Main.storyboard */; };
		4DB0A83C2C2FA3D9005072C9 /* SLCategory+CoreDataClass.swift in Sources */ = {isa = PBXBuildFile; fileRef = 4DB0A8312C2FA3D9005072C9 /* SLCategory+CoreDataClass.swift */; };
		4DB0A83D2C2FA3D9005072C9 /* SLCategory+CoreDataProperties.swift in Sources */ = {isa = PBXBuildFile; fileRef = 4DB0A8322C2FA3D9005072C9 /* SLCategory+CoreDataProperties.swift */; };
		4DB0A83E2C2FA3D9005072C9 /* SLStatus+CoreDataClass.swift in Sources */ = {isa = PBXBuildFile; fileRef = 4DB0A8332C2FA3D9005072C9 /* SLStatus+CoreDataClass.swift */; };
		4DB0A83F2C2FA3D9005072C9 /* SLStatus+CoreDataProperties.swift in Sources */ = {isa = PBXBuildFile; fileRef = 4DB0A8342C2FA3D9005072C9 /* SLStatus+CoreDataProperties.swift */; };
		4DB0A8402C2FA3D9005072C9 /* SLTask+CoreDataClass.swift in Sources */ = {isa = PBXBuildFile; fileRef = 4DB0A8352C2FA3D9005072C9 /* SLTask+CoreDataClass.swift */; };
		4DB0A8412C2FA3D9005072C9 /* SLTask+CoreDataProperties.swift in Sources */ = {isa = PBXBuildFile; fileRef = 4DB0A8362C2FA3D9005072C9 /* SLTask+CoreDataProperties.swift */; };
		4DB0A8472C2FA42F005072C9 /* SLTask+Methods.swift in Sources */ = {isa = PBXBuildFile; fileRef = 4DB0A8462C2FA42F005072C9 /* SLTask+Methods.swift */; };
		4DCD042C25247231005B97F1 /* Constants.swift in Sources */ = {isa = PBXBuildFile; fileRef = 4DCD042B25247231005B97F1 /* Constants.swift */; };
		4DDD01002C5473FD0037125E /* SettingsManager.swift in Sources */ = {isa = PBXBuildFile; fileRef = 4DDD00FF2C5473FD0037125E /* SettingsManager.swift */; };
		4DF3E3722403E01F002B402C /* ScreenshotTester.swift in Sources */ = {isa = PBXBuildFile; fileRef = 4DF3E3712403E01F002B402C /* ScreenshotTester.swift */; };
		4DF3E3792403E0F2002B402C /* SnapshotHelper.swift in Sources */ = {isa = PBXBuildFile; fileRef = 4DF3E3592403DB62002B402C /* SnapshotHelper.swift */; };
		4DF4A37D2BE98220008A4FF3 /* TaskManager.swift in Sources */ = {isa = PBXBuildFile; fileRef = 4DF4A37C2BE98220008A4FF3 /* TaskManager.swift */; };
/* End PBXBuildFile section */

/* Begin PBXContainerItemProxy section */
		4D45E7A322DDD1AD008AC433 /* PBXContainerItemProxy */ = {
			isa = PBXContainerItemProxy;
			containerPortal = 4D45E78622DDD1AB008AC433 /* Project object */;
			proxyType = 1;
			remoteGlobalIDString = 4D45E78D22DDD1AB008AC433;
			remoteInfo = Five;
		};
		4D45E7AE22DDD1AD008AC433 /* PBXContainerItemProxy */ = {
			isa = PBXContainerItemProxy;
			containerPortal = 4D45E78622DDD1AB008AC433 /* Project object */;
			proxyType = 1;
			remoteGlobalIDString = 4D45E78D22DDD1AB008AC433;
			remoteInfo = Five;
		};
		4DF3E3742403E01F002B402C /* PBXContainerItemProxy */ = {
			isa = PBXContainerItemProxy;
			containerPortal = 4D45E78622DDD1AB008AC433 /* Project object */;
			proxyType = 1;
			remoteGlobalIDString = 4D45E78D22DDD1AB008AC433;
			remoteInfo = Shortlist;
		};
/* End PBXContainerItemProxy section */

/* Begin PBXCopyFilesBuildPhase section */
		4D45E7DD22DDD1AF008AC433 /* Embed Watch Content */ = {
			isa = PBXCopyFilesBuildPhase;
			buildActionMask = 2147483647;
			dstPath = "$(CONTENTS_FOLDER_PATH)/Watch";
			dstSubfolderSpec = 16;
			files = (
			);
			name = "Embed Watch Content";
			runOnlyForDeploymentPostprocessing = 0;
		};
/* End PBXCopyFilesBuildPhase section */

/* Begin PBXFileReference section */
		4D09D56C2C1B6889002735BA /* TaskDetailsCoordinator.swift */ = {isa = PBXFileReference; lastKnownFileType = sourcecode.swift; path = TaskDetailsCoordinator.swift; sourceTree = "<group>"; };
		4D1B4D0B241A3A3400C9E8CE /* BUGFIXES.md */ = {isa = PBXFileReference; lastKnownFileType = net.daringfireball.markdown; path = BUGFIXES.md; sourceTree = "<group>"; };
		4D1C12022C2F932800E15BD2 /* TaskStatus.swift */ = {isa = PBXFileReference; lastKnownFileType = sourcecode.swift; path = TaskStatus.swift; sourceTree = "<group>"; };
		4D2F65F62C154C85001ADB4A /* Coordinator.swift */ = {isa = PBXFileReference; lastKnownFileType = sourcecode.swift; path = Coordinator.swift; sourceTree = "<group>"; };
		4D404BF62BCB758100923ADB /* SLTaskCell.swift */ = {isa = PBXFileReference; lastKnownFileType = sourcecode.swift; path = SLTaskCell.swift; sourceTree = "<group>"; };
		4D45E78E22DDD1AB008AC433 /* Shortlist.app */ = {isa = PBXFileReference; explicitFileType = wrapper.application; includeInIndex = 0; path = Shortlist.app; sourceTree = BUILT_PRODUCTS_DIR; };
		4D45E79122DDD1AB008AC433 /* AppDelegate.swift */ = {isa = PBXFileReference; lastKnownFileType = sourcecode.swift; path = AppDelegate.swift; sourceTree = "<group>"; };
		4D45E79822DDD1AD008AC433 /* Assets.xcassets */ = {isa = PBXFileReference; lastKnownFileType = folder.assetcatalog; path = Assets.xcassets; sourceTree = "<group>"; };
		4D45E79B22DDD1AD008AC433 /* Base */ = {isa = PBXFileReference; lastKnownFileType = file.storyboard; name = Base; path = Base.lproj/LaunchScreen.storyboard; sourceTree = "<group>"; };
		4D45E79D22DDD1AD008AC433 /* Info.plist */ = {isa = PBXFileReference; lastKnownFileType = text.plist.xml; path = Info.plist; sourceTree = "<group>"; };
		4D45E7A222DDD1AD008AC433 /* ShortlistTests.xctest */ = {isa = PBXFileReference; explicitFileType = wrapper.cfbundle; includeInIndex = 0; path = ShortlistTests.xctest; sourceTree = BUILT_PRODUCTS_DIR; };
		4D45E7A622DDD1AD008AC433 /* FiveTests.swift */ = {isa = PBXFileReference; lastKnownFileType = sourcecode.swift; path = FiveTests.swift; sourceTree = "<group>"; };
		4D45E7A822DDD1AD008AC433 /* Info.plist */ = {isa = PBXFileReference; lastKnownFileType = text.plist.xml; path = Info.plist; sourceTree = "<group>"; };
		4D45E7AD22DDD1AD008AC433 /* ShortlistUITests.xctest */ = {isa = PBXFileReference; explicitFileType = wrapper.cfbundle; includeInIndex = 0; path = ShortlistUITests.xctest; sourceTree = BUILT_PRODUCTS_DIR; };
		4D45E7B122DDD1AD008AC433 /* FiveUITests.swift */ = {isa = PBXFileReference; lastKnownFileType = sourcecode.swift; path = FiveUITests.swift; sourceTree = "<group>"; };
		4D45E7B322DDD1AD008AC433 /* Info.plist */ = {isa = PBXFileReference; lastKnownFileType = text.plist.xml; path = Info.plist; sourceTree = "<group>"; };
		4D45E7BC22DDD1AD008AC433 /* Base */ = {isa = PBXFileReference; lastKnownFileType = file.storyboard; name = Base; path = Base.lproj/Interface.storyboard; sourceTree = "<group>"; };
		4D45E7BE22DDD1AE008AC433 /* Assets.xcassets */ = {isa = PBXFileReference; lastKnownFileType = folder.assetcatalog; path = Assets.xcassets; sourceTree = "<group>"; };
		4D45E7C022DDD1AE008AC433 /* Info.plist */ = {isa = PBXFileReference; lastKnownFileType = text.plist.xml; path = Info.plist; sourceTree = "<group>"; };
		4D4DDC7F2529931D0016697D /* FiveModel 13.xcdatamodel */ = {isa = PBXFileReference; lastKnownFileType = wrapper.xcdatamodel; path = "FiveModel 13.xcdatamodel"; sourceTree = "<group>"; };
		4D598B6322EEBE480020076D /* CoreDataStack.swift */ = {isa = PBXFileReference; lastKnownFileType = sourcecode.swift; path = CoreDataStack.swift; sourceTree = "<group>"; };
		4D60F13424C8870200979912 /* TaskListViewController.swift */ = {isa = PBXFileReference; lastKnownFileType = sourcecode.swift; path = TaskListViewController.swift; sourceTree = "<group>"; };
		4D6339972BEDA3C600E3EE32 /* TaskDetailsViewController.swift */ = {isa = PBXFileReference; lastKnownFileType = sourcecode.swift; path = TaskDetailsViewController.swift; sourceTree = "<group>"; };
		4D6339992BEDC09700E3EE32 /* TaskDetailsViewModel.swift */ = {isa = PBXFileReference; lastKnownFileType = sourcecode.swift; path = TaskDetailsViewModel.swift; sourceTree = "<group>"; };
		4D63399B2BEDF66300E3EE32 /* Binding.swift */ = {isa = PBXFileReference; lastKnownFileType = sourcecode.swift; path = Binding.swift; sourceTree = "<group>"; };
		4D64285222F730A70057E3BA /* FiveModel 2.xcdatamodel */ = {isa = PBXFileReference; lastKnownFileType = wrapper.xcdatamodel; path = "FiveModel 2.xcdatamodel"; sourceTree = "<group>"; };
		4D646B3F23264C1300073FD6 /* FiveModel 3.xcdatamodel */ = {isa = PBXFileReference; lastKnownFileType = wrapper.xcdatamodel; path = "FiveModel 3.xcdatamodel"; sourceTree = "<group>"; };
		4D646B4023290D7C00073FD6 /* FiveModel 4.xcdatamodel */ = {isa = PBXFileReference; lastKnownFileType = wrapper.xcdatamodel; path = "FiveModel 4.xcdatamodel"; sourceTree = "<group>"; };
		4D6CEE5A2C30E1600023BDC4 /* UIColor+AppColors.swift */ = {isa = PBXFileReference; lastKnownFileType = sourcecode.swift; path = "UIColor+AppColors.swift"; sourceTree = "<group>"; };
		4D6E753E2357699400C67B8F /* FiveModel 7.xcdatamodel */ = {isa = PBXFileReference; lastKnownFileType = wrapper.xcdatamodel; path = "FiveModel 7.xcdatamodel"; sourceTree = "<group>"; };
		4D6F15792C2F29B30079E79B /* LocationService.swift */ = {isa = PBXFileReference; lastKnownFileType = sourcecode.swift; path = LocationService.swift; sourceTree = "<group>"; };
		4D6F157D2C2F2A790079E79B /* PriorityLevel.swift */ = {isa = PBXFileReference; lastKnownFileType = sourcecode.swift; path = PriorityLevel.swift; sourceTree = "<group>"; };
		4D7017112C5DBFE10007F029 /* DatasourceSupervisor.swift */ = {isa = PBXFileReference; lastKnownFileType = sourcecode.swift; path = DatasourceSupervisor.swift; sourceTree = "<group>"; };
		4D78ABF622DF0C9C001FD57F /* FiveModel.xcdatamodel */ = {isa = PBXFileReference; lastKnownFileType = wrapper.xcdatamodel; path = FiveModel.xcdatamodel; sourceTree = "<group>"; };
		4D8D36392BC9B447008713C2 /* TaskListCoordinator.swift */ = {isa = PBXFileReference; lastKnownFileType = sourcecode.swift; path = TaskListCoordinator.swift; sourceTree = "<group>"; };
		4D8D363B2BC9B45B008713C2 /* TaskListViewModel.swift */ = {isa = PBXFileReference; lastKnownFileType = sourcecode.swift; path = TaskListViewModel.swift; sourceTree = "<group>"; };
		4D962AB72C1E0E360081D07F /* CoreDataStack+Extension.swift */ = {isa = PBXFileReference; lastKnownFileType = sourcecode.swift; path = "CoreDataStack+Extension.swift"; sourceTree = "<group>"; };
		4D9D22202C1D1E3A00925E1B /* Refreshable.swift */ = {isa = PBXFileReference; lastKnownFileType = sourcecode.swift; path = Refreshable.swift; sourceTree = "<group>"; };
		4D9D22242C1D3ADE00925E1B /* Date+Extension.swift */ = {isa = PBXFileReference; lastKnownFileType = sourcecode.swift; path = "Date+Extension.swift"; sourceTree = "<group>"; };
		4DB043D22BCA028A00A3901F /* UICollectionViewLayout+Extension.swift */ = {isa = PBXFileReference; lastKnownFileType = sourcecode.swift; path = "UICollectionViewLayout+Extension.swift"; sourceTree = "<group>"; };
		4DB043DF2BCA216100A3901F /* UICollectionView+Extension.swift */ = {isa = PBXFileReference; lastKnownFileType = sourcecode.swift; path = "UICollectionView+Extension.swift"; sourceTree = "<group>"; };
		4DB043E12BCA33CB00A3901F /* SceneDelegate.swift */ = {isa = PBXFileReference; lastKnownFileType = sourcecode.swift; path = SceneDelegate.swift; sourceTree = "<group>"; };
		4DB043E32BCA364800A3901F /* Main.storyboard */ = {isa = PBXFileReference; lastKnownFileType = file.storyboard; path = Main.storyboard; sourceTree = "<group>"; };
		4DB0A82B2C2FA3AC005072C9 /* SLTask+CoreDataClass.swift */ = {isa = PBXFileReference; lastKnownFileType = sourcecode.swift; name = "SLTask+CoreDataClass.swift"; path = "Shortlist/Model/CoreData/Entities/SLTask+CoreDataClass.swift"; sourceTree = "<group>"; };
		4DB0A82C2C2FA3AC005072C9 /* SLTask+CoreDataProperties.swift */ = {isa = PBXFileReference; lastKnownFileType = sourcecode.swift; name = "SLTask+CoreDataProperties.swift"; path = "Shortlist/Model/CoreData/Entities/SLTask+CoreDataProperties.swift"; sourceTree = "<group>"; };
		4DB0A82D2C2FA3AC005072C9 /* SLCategory+CoreDataClass.swift */ = {isa = PBXFileReference; lastKnownFileType = sourcecode.swift; name = "SLCategory+CoreDataClass.swift"; path = "Shortlist/Model/CoreData/Entities/SLCategory+CoreDataClass.swift"; sourceTree = "<group>"; };
		4DB0A82E2C2FA3AC005072C9 /* SLCategory+CoreDataProperties.swift */ = {isa = PBXFileReference; lastKnownFileType = sourcecode.swift; name = "SLCategory+CoreDataProperties.swift"; path = "Shortlist/Model/CoreData/Entities/SLCategory+CoreDataProperties.swift"; sourceTree = "<group>"; };
		4DB0A82F2C2FA3AC005072C9 /* SLStatus+CoreDataClass.swift */ = {isa = PBXFileReference; lastKnownFileType = sourcecode.swift; name = "SLStatus+CoreDataClass.swift"; path = "Shortlist/Model/CoreData/Entities/SLStatus+CoreDataClass.swift"; sourceTree = "<group>"; };
		4DB0A8302C2FA3AC005072C9 /* SLStatus+CoreDataProperties.swift */ = {isa = PBXFileReference; lastKnownFileType = sourcecode.swift; name = "SLStatus+CoreDataProperties.swift"; path = "Shortlist/Model/CoreData/Entities/SLStatus+CoreDataProperties.swift"; sourceTree = "<group>"; };
		4DB0A8312C2FA3D9005072C9 /* SLCategory+CoreDataClass.swift */ = {isa = PBXFileReference; fileEncoding = 4; lastKnownFileType = sourcecode.swift; path = "SLCategory+CoreDataClass.swift"; sourceTree = "<group>"; };
		4DB0A8322C2FA3D9005072C9 /* SLCategory+CoreDataProperties.swift */ = {isa = PBXFileReference; fileEncoding = 4; lastKnownFileType = sourcecode.swift; path = "SLCategory+CoreDataProperties.swift"; sourceTree = "<group>"; };
		4DB0A8332C2FA3D9005072C9 /* SLStatus+CoreDataClass.swift */ = {isa = PBXFileReference; fileEncoding = 4; lastKnownFileType = sourcecode.swift; path = "SLStatus+CoreDataClass.swift"; sourceTree = "<group>"; };
		4DB0A8342C2FA3D9005072C9 /* SLStatus+CoreDataProperties.swift */ = {isa = PBXFileReference; fileEncoding = 4; lastKnownFileType = sourcecode.swift; path = "SLStatus+CoreDataProperties.swift"; sourceTree = "<group>"; };
		4DB0A8352C2FA3D9005072C9 /* SLTask+CoreDataClass.swift */ = {isa = PBXFileReference; fileEncoding = 4; lastKnownFileType = sourcecode.swift; path = "SLTask+CoreDataClass.swift"; sourceTree = "<group>"; };
		4DB0A8362C2FA3D9005072C9 /* SLTask+CoreDataProperties.swift */ = {isa = PBXFileReference; fileEncoding = 4; lastKnownFileType = sourcecode.swift; path = "SLTask+CoreDataProperties.swift"; sourceTree = "<group>"; };
		4DB0A8462C2FA42F005072C9 /* SLTask+Methods.swift */ = {isa = PBXFileReference; lastKnownFileType = sourcecode.swift; path = "SLTask+Methods.swift"; sourceTree = "<group>"; };
		4DC6950A234CCD6300CB4A6E /* FiveModel 5.xcdatamodel */ = {isa = PBXFileReference; lastKnownFileType = wrapper.xcdatamodel; path = "FiveModel 5.xcdatamodel"; sourceTree = "<group>"; };
		4DC6950B234CD09B00CB4A6E /* FiveModel 6.xcdatamodel */ = {isa = PBXFileReference; lastKnownFileType = wrapper.xcdatamodel; path = "FiveModel 6.xcdatamodel"; sourceTree = "<group>"; };
		4DC8FAA22566703A001892A4 /* FiveModel 15.xcdatamodel */ = {isa = PBXFileReference; lastKnownFileType = wrapper.xcdatamodel; path = "FiveModel 15.xcdatamodel"; sourceTree = "<group>"; };
		4DC93DF82515E0B8002B58AB /* FiveModel 10.xcdatamodel */ = {isa = PBXFileReference; lastKnownFileType = wrapper.xcdatamodel; path = "FiveModel 10.xcdatamodel"; sourceTree = "<group>"; };
		4DC93E3525189A16002B58AB /* FiveModel 11.xcdatamodel */ = {isa = PBXFileReference; lastKnownFileType = wrapper.xcdatamodel; path = "FiveModel 11.xcdatamodel"; sourceTree = "<group>"; };
		4DCB1D41252F520E00F13A64 /* FiveModel 14.xcdatamodel */ = {isa = PBXFileReference; lastKnownFileType = wrapper.xcdatamodel; path = "FiveModel 14.xcdatamodel"; sourceTree = "<group>"; };
		4DCD040725239082005B97F1 /* FiveModel 12.xcdatamodel */ = {isa = PBXFileReference; lastKnownFileType = wrapper.xcdatamodel; path = "FiveModel 12.xcdatamodel"; sourceTree = "<group>"; };
		4DCD042B25247231005B97F1 /* Constants.swift */ = {isa = PBXFileReference; lastKnownFileType = sourcecode.swift; path = Constants.swift; sourceTree = "<group>"; };
		4DD8C76C23BF139800098A02 /* FiveModel 8.xcdatamodel */ = {isa = PBXFileReference; lastKnownFileType = wrapper.xcdatamodel; path = "FiveModel 8.xcdatamodel"; sourceTree = "<group>"; };
		4DDD00FF2C5473FD0037125E /* SettingsManager.swift */ = {isa = PBXFileReference; lastKnownFileType = sourcecode.swift; path = SettingsManager.swift; sourceTree = "<group>"; };
		4DDD01012C5475830037125E /* SLSettings+CoreDataClass.swift */ = {isa = PBXFileReference; lastKnownFileType = sourcecode.swift; name = "SLSettings+CoreDataClass.swift"; path = "Shortlist/Model/CoreData/Entities/SLSettings+CoreDataClass.swift"; sourceTree = "<group>"; };
		4DDD01022C5475830037125E /* SLSettings+CoreDataProperties.swift */ = {isa = PBXFileReference; lastKnownFileType = sourcecode.swift; name = "SLSettings+CoreDataProperties.swift"; path = "Shortlist/Model/CoreData/Entities/SLSettings+CoreDataProperties.swift"; sourceTree = "<group>"; };
		4DED000924361031009BA525 /* FiveModel 9.xcdatamodel */ = {isa = PBXFileReference; lastKnownFileType = wrapper.xcdatamodel; path = "FiveModel 9.xcdatamodel"; sourceTree = "<group>"; };
		4DF3E3592403DB62002B402C /* SnapshotHelper.swift */ = {isa = PBXFileReference; fileEncoding = 4; lastKnownFileType = sourcecode.swift; name = SnapshotHelper.swift; path = fastlane/SnapshotHelper.swift; sourceTree = SOURCE_ROOT; };
		4DF3E36F2403E01F002B402C /* ScreenshotTester.xctest */ = {isa = PBXFileReference; explicitFileType = wrapper.cfbundle; includeInIndex = 0; path = ScreenshotTester.xctest; sourceTree = BUILT_PRODUCTS_DIR; };
		4DF3E3712403E01F002B402C /* ScreenshotTester.swift */ = {isa = PBXFileReference; lastKnownFileType = sourcecode.swift; path = ScreenshotTester.swift; sourceTree = "<group>"; };
		4DF3E3732403E01F002B402C /* Info.plist */ = {isa = PBXFileReference; lastKnownFileType = text.plist.xml; path = Info.plist; sourceTree = "<group>"; };
		4DF4A37C2BE98220008A4FF3 /* TaskManager.swift */ = {isa = PBXFileReference; lastKnownFileType = sourcecode.swift; path = TaskManager.swift; sourceTree = "<group>"; };
		4DF724F022F174D200472072 /* Five.entitlements */ = {isa = PBXFileReference; lastKnownFileType = text.plist.entitlements; path = Five.entitlements; sourceTree = "<group>"; };
		4DF724F122F174F100472072 /* Shortlist WatchKit App.entitlements */ = {isa = PBXFileReference; lastKnownFileType = text.plist.entitlements; path = "Shortlist WatchKit App.entitlements"; sourceTree = "<group>"; };
		4DF724FA22F18FEF00472072 /* README.md */ = {isa = PBXFileReference; lastKnownFileType = net.daringfireball.markdown; path = README.md; sourceTree = "<group>"; };
/* End PBXFileReference section */

/* Begin PBXFrameworksBuildPhase section */
		4D45E78B22DDD1AB008AC433 /* Frameworks */ = {
			isa = PBXFrameworksBuildPhase;
			buildActionMask = 2147483647;
			files = (
				4DB043DE2BCA090E00A3901F /* WhizUtilKit in Frameworks */,
			);
			runOnlyForDeploymentPostprocessing = 0;
		};
		4D45E79F22DDD1AD008AC433 /* Frameworks */ = {
			isa = PBXFrameworksBuildPhase;
			buildActionMask = 2147483647;
			files = (
			);
			runOnlyForDeploymentPostprocessing = 0;
		};
		4D45E7AA22DDD1AD008AC433 /* Frameworks */ = {
			isa = PBXFrameworksBuildPhase;
			buildActionMask = 2147483647;
			files = (
			);
			runOnlyForDeploymentPostprocessing = 0;
		};
		4DF3E36C2403E01F002B402C /* Frameworks */ = {
			isa = PBXFrameworksBuildPhase;
			buildActionMask = 2147483647;
			files = (
			);
			runOnlyForDeploymentPostprocessing = 0;
		};
/* End PBXFrameworksBuildPhase section */

/* Begin PBXGroup section */
		4D45E78522DDD1AB008AC433 = {
			isa = PBXGroup;
			children = (
				4DDD01012C5475830037125E /* SLSettings+CoreDataClass.swift */,
				4DDD01022C5475830037125E /* SLSettings+CoreDataProperties.swift */,
				4DB0A8462C2FA42F005072C9 /* SLTask+Methods.swift */,
				4DB0A82B2C2FA3AC005072C9 /* SLTask+CoreDataClass.swift */,
				4DB0A82C2C2FA3AC005072C9 /* SLTask+CoreDataProperties.swift */,
				4DB0A82D2C2FA3AC005072C9 /* SLCategory+CoreDataClass.swift */,
				4DB0A82E2C2FA3AC005072C9 /* SLCategory+CoreDataProperties.swift */,
				4DB0A82F2C2FA3AC005072C9 /* SLStatus+CoreDataClass.swift */,
				4DB0A8302C2FA3AC005072C9 /* SLStatus+CoreDataProperties.swift */,
				4DB043E32BCA364800A3901F /* Main.storyboard */,
				4D1B4D0B241A3A3400C9E8CE /* BUGFIXES.md */,
				4DF724FA22F18FEF00472072 /* README.md */,
				4D45E79022DDD1AB008AC433 /* Shortlist */,
				4D45E7A522DDD1AD008AC433 /* ShortlistTests */,
				4D45E7B022DDD1AD008AC433 /* ShortlistUITests */,
				4D45E7BA22DDD1AD008AC433 /* Shortlist WatchKit App */,
				4DF3E3702403E01F002B402C /* ScreenshotTester */,
				4D45E78F22DDD1AB008AC433 /* Products */,
			);
			sourceTree = "<group>";
		};
		4D45E78F22DDD1AB008AC433 /* Products */ = {
			isa = PBXGroup;
			children = (
				4D45E78E22DDD1AB008AC433 /* Shortlist.app */,
				4D45E7A222DDD1AD008AC433 /* ShortlistTests.xctest */,
				4D45E7AD22DDD1AD008AC433 /* ShortlistUITests.xctest */,
				4DF3E36F2403E01F002B402C /* ScreenshotTester.xctest */,
			);
			name = Products;
			sourceTree = "<group>";
		};
		4D45E79022DDD1AB008AC433 /* Shortlist */ = {
			isa = PBXGroup;
			children = (
				4D6CEE5E2C30E8170023BDC4 /* Calendar */,
				4D6F157D2C2F2A790079E79B /* PriorityLevel.swift */,
				4D6CEE5A2C30E1600023BDC4 /* UIColor+AppColors.swift */,
				4D9D22202C1D1E3A00925E1B /* Refreshable.swift */,
				4D6339962BEDA3BA00E3EE32 /* TaskDetailsView */,
				4DC6181A24D02D98008BFBE6 /* TaskListView */,
				4DCD042A25247228005B97F1 /* Constants */,
				4DF724F022F174D200472072 /* Five.entitlements */,
				4D45E79D22DDD1AD008AC433 /* Info.plist */,
				4D45E79822DDD1AD008AC433 /* Assets.xcassets */,
				4DB043D22BCA028A00A3901F /* UICollectionViewLayout+Extension.swift */,
				4DB043DF2BCA216100A3901F /* UICollectionView+Extension.swift */,
				4D596EEB22EC42E600B2D21D /* Application Delegate */,
				4D45E79A22DDD1AD008AC433 /* LaunchScreen.storyboard */,
				4D5B5E0322F07FB500C8D9A5 /* Model */,
				4DF4A37C2BE98220008A4FF3 /* TaskManager.swift */,
				4D63399B2BEDF66300E3EE32 /* Binding.swift */,
				4D2F65F62C154C85001ADB4A /* Coordinator.swift */,
				4D9D22242C1D3ADE00925E1B /* Date+Extension.swift */,
				4D6F15792C2F29B30079E79B /* LocationService.swift */,
				4D1C12022C2F932800E15BD2 /* TaskStatus.swift */,
				4DDD00FF2C5473FD0037125E /* SettingsManager.swift */,
			);
			path = Shortlist;
			sourceTree = "<group>";
		};
		4D45E7A522DDD1AD008AC433 /* ShortlistTests */ = {
			isa = PBXGroup;
			children = (
				4D45E7A622DDD1AD008AC433 /* FiveTests.swift */,
				4D45E7A822DDD1AD008AC433 /* Info.plist */,
			);
			path = ShortlistTests;
			sourceTree = "<group>";
		};
		4D45E7B022DDD1AD008AC433 /* ShortlistUITests */ = {
			isa = PBXGroup;
			children = (
				4D45E7B122DDD1AD008AC433 /* FiveUITests.swift */,
				4D45E7B322DDD1AD008AC433 /* Info.plist */,
			);
			path = ShortlistUITests;
			sourceTree = "<group>";
		};
		4D45E7BA22DDD1AD008AC433 /* Shortlist WatchKit App */ = {
			isa = PBXGroup;
			children = (
				4DF724F122F174F100472072 /* Shortlist WatchKit App.entitlements */,
				4D45E7BB22DDD1AD008AC433 /* Interface.storyboard */,
				4D45E7BE22DDD1AE008AC433 /* Assets.xcassets */,
				4D45E7C022DDD1AE008AC433 /* Info.plist */,
			);
			path = "Shortlist WatchKit App";
			sourceTree = "<group>";
		};
		4D596EEB22EC42E600B2D21D /* Application Delegate */ = {
			isa = PBXGroup;
			children = (
				4D45E79122DDD1AB008AC433 /* AppDelegate.swift */,
				4DB043E12BCA33CB00A3901F /* SceneDelegate.swift */,
			);
			path = "Application Delegate";
			sourceTree = "<group>";
		};
		4D596EED22EC477900B2D21D /* Model */ = {
			isa = PBXGroup;
			children = (
				4D78ABF522DF0C9C001FD57F /* ShortlistModel.xcdatamodeld */,
			);
			path = Model;
			sourceTree = "<group>";
		};
		4D598B6222EEBE360020076D /* PersistentContainer */ = {
			isa = PBXGroup;
			children = (
				4D598B6322EEBE480020076D /* CoreDataStack.swift */,
				4D962AB72C1E0E360081D07F /* CoreDataStack+Extension.swift */,
			);
			path = PersistentContainer;
			sourceTree = "<group>";
		};
		4D5B5E0322F07FB500C8D9A5 /* Model */ = {
			isa = PBXGroup;
			children = (
				4D63399D2BEDF95900E3EE32 /* ReminderIntegration */,
				4DC0DE3722E087F100B2B8D4 /* CoreData */,
			);
			path = Model;
			sourceTree = "<group>";
		};
		4D6339962BEDA3BA00E3EE32 /* TaskDetailsView */ = {
			isa = PBXGroup;
			children = (
				4D6339972BEDA3C600E3EE32 /* TaskDetailsViewController.swift */,
				4D6339992BEDC09700E3EE32 /* TaskDetailsViewModel.swift */,
				4D09D56C2C1B6889002735BA /* TaskDetailsCoordinator.swift */,
			);
			path = TaskDetailsView;
			sourceTree = "<group>";
		};
		4D63399D2BEDF95900E3EE32 /* ReminderIntegration */ = {
			isa = PBXGroup;
			children = (
			);
			path = ReminderIntegration;
			sourceTree = "<group>";
		};
		4D6CEE5E2C30E8170023BDC4 /* Calendar */ = {
			isa = PBXGroup;
			children = (
			);
			path = Calendar;
			sourceTree = "<group>";
		};
		4DB0A83B2C2FA3D9005072C9 /* Entities */ = {
			isa = PBXGroup;
			children = (
				4DB0A8312C2FA3D9005072C9 /* SLCategory+CoreDataClass.swift */,
				4DB0A8322C2FA3D9005072C9 /* SLCategory+CoreDataProperties.swift */,
				4DB0A8332C2FA3D9005072C9 /* SLStatus+CoreDataClass.swift */,
				4DB0A8342C2FA3D9005072C9 /* SLStatus+CoreDataProperties.swift */,
				4DB0A8352C2FA3D9005072C9 /* SLTask+CoreDataClass.swift */,
				4DB0A8362C2FA3D9005072C9 /* SLTask+CoreDataProperties.swift */,
			);
			path = Entities;
			sourceTree = "<group>";
		};
		4DC0DE3722E087F100B2B8D4 /* CoreData */ = {
			isa = PBXGroup;
			children = (
				4DB0A83B2C2FA3D9005072C9 /* Entities */,
				4D598B6222EEBE360020076D /* PersistentContainer */,
				4D596EED22EC477900B2D21D /* Model */,
			);
			path = CoreData;
			sourceTree = "<group>";
		};
		4DC6181A24D02D98008BFBE6 /* TaskListView */ = {
			isa = PBXGroup;
			children = (
				4D60F13424C8870200979912 /* TaskListViewController.swift */,
				4D8D363B2BC9B45B008713C2 /* TaskListViewModel.swift */,
				4D404BF62BCB758100923ADB /* SLTaskCell.swift */,
				4D8D36392BC9B447008713C2 /* TaskListCoordinator.swift */,
				4D7017112C5DBFE10007F029 /* DatasourceSupervisor.swift */,
			);
			path = TaskListView;
			sourceTree = "<group>";
		};
		4DCD042A25247228005B97F1 /* Constants */ = {
			isa = PBXGroup;
			children = (
				4DCD042B25247231005B97F1 /* Constants.swift */,
			);
			path = Constants;
			sourceTree = "<group>";
		};
		4DF3E3702403E01F002B402C /* ScreenshotTester */ = {
			isa = PBXGroup;
			children = (
				4DF3E3592403DB62002B402C /* SnapshotHelper.swift */,
				4DF3E3712403E01F002B402C /* ScreenshotTester.swift */,
				4DF3E3732403E01F002B402C /* Info.plist */,
			);
			path = ScreenshotTester;
			sourceTree = "<group>";
		};
/* End PBXGroup section */

/* Begin PBXNativeTarget section */
		4D45E78D22DDD1AB008AC433 /* Shortlist */ = {
			isa = PBXNativeTarget;
			buildConfigurationList = 4D45E7DE22DDD1AF008AC433 /* Build configuration list for PBXNativeTarget "Shortlist" */;
			buildPhases = (
				4D45E78A22DDD1AB008AC433 /* Sources */,
				4D45E78B22DDD1AB008AC433 /* Frameworks */,
				4D45E78C22DDD1AB008AC433 /* Resources */,
				4D45E7DD22DDD1AF008AC433 /* Embed Watch Content */,
			);
			buildRules = (
			);
			dependencies = (
			);
			name = Shortlist;
			packageProductDependencies = (
				4DB043DD2BCA090E00A3901F /* WhizUtilKit */,
			);
			productName = Five;
			productReference = 4D45E78E22DDD1AB008AC433 /* Shortlist.app */;
			productType = "com.apple.product-type.application";
		};
		4D45E7A122DDD1AD008AC433 /* ShortlistTests */ = {
			isa = PBXNativeTarget;
			buildConfigurationList = 4D45E7E122DDD1AF008AC433 /* Build configuration list for PBXNativeTarget "ShortlistTests" */;
			buildPhases = (
				4D45E79E22DDD1AD008AC433 /* Sources */,
				4D45E79F22DDD1AD008AC433 /* Frameworks */,
				4D45E7A022DDD1AD008AC433 /* Resources */,
			);
			buildRules = (
			);
			dependencies = (
				4D45E7A422DDD1AD008AC433 /* PBXTargetDependency */,
			);
			name = ShortlistTests;
			productName = FiveTests;
			productReference = 4D45E7A222DDD1AD008AC433 /* ShortlistTests.xctest */;
			productType = "com.apple.product-type.bundle.unit-test";
		};
		4D45E7AC22DDD1AD008AC433 /* ShortlistUITests */ = {
			isa = PBXNativeTarget;
			buildConfigurationList = 4D45E7E422DDD1AF008AC433 /* Build configuration list for PBXNativeTarget "ShortlistUITests" */;
			buildPhases = (
				4D45E7A922DDD1AD008AC433 /* Sources */,
				4D45E7AA22DDD1AD008AC433 /* Frameworks */,
				4D45E7AB22DDD1AD008AC433 /* Resources */,
			);
			buildRules = (
			);
			dependencies = (
				4D45E7AF22DDD1AD008AC433 /* PBXTargetDependency */,
			);
			name = ShortlistUITests;
			productName = FiveUITests;
			productReference = 4D45E7AD22DDD1AD008AC433 /* ShortlistUITests.xctest */;
			productType = "com.apple.product-type.bundle.ui-testing";
		};
		4DF3E36E2403E01F002B402C /* ScreenshotTester */ = {
			isa = PBXNativeTarget;
			buildConfigurationList = 4DF3E3762403E01F002B402C /* Build configuration list for PBXNativeTarget "ScreenshotTester" */;
			buildPhases = (
				4DF3E36B2403E01F002B402C /* Sources */,
				4DF3E36C2403E01F002B402C /* Frameworks */,
				4DF3E36D2403E01F002B402C /* Resources */,
			);
			buildRules = (
			);
			dependencies = (
				4DF3E3752403E01F002B402C /* PBXTargetDependency */,
			);
			name = ScreenshotTester;
			productName = ScreenshotTester;
			productReference = 4DF3E36F2403E01F002B402C /* ScreenshotTester.xctest */;
			productType = "com.apple.product-type.bundle.ui-testing";
		};
/* End PBXNativeTarget section */

/* Begin PBXProject section */
		4D45E78622DDD1AB008AC433 /* Project object */ = {
			isa = PBXProject;
			attributes = {
				BuildIndependentTargetsInParallel = YES;
				LastSwiftUpdateCheck = 1120;
				LastUpgradeCheck = 1530;
				ORGANIZATIONNAME = "Mark Wong";
				TargetAttributes = {
					4D45E78D22DDD1AB008AC433 = {
						CreatedOnToolsVersion = 10.2;
						LastSwiftMigration = 1200;
						ProvisioningStyle = Automatic;
						SystemCapabilities = {
							com.apple.ApplicationGroups.iOS = {
								enabled = 1;
							};
						};
					};
					4D45E7A122DDD1AD008AC433 = {
						CreatedOnToolsVersion = 10.2;
						ProvisioningStyle = Automatic;
						TestTargetID = 4D45E78D22DDD1AB008AC433;
					};
					4D45E7AC22DDD1AD008AC433 = {
						CreatedOnToolsVersion = 10.2;
						ProvisioningStyle = Automatic;
						TestTargetID = 4D45E78D22DDD1AB008AC433;
					};
					4DF3E36E2403E01F002B402C = {
						CreatedOnToolsVersion = 11.2;
						ProvisioningStyle = Automatic;
						TestTargetID = 4D45E78D22DDD1AB008AC433;
					};
				};
			};
			buildConfigurationList = 4D45E78922DDD1AB008AC433 /* Build configuration list for PBXProject "Shortlist" */;
			compatibilityVersion = "Xcode 9.3";
			developmentRegion = en;
			hasScannedForEncodings = 0;
			knownRegions = (
				en,
				Base,
			);
			mainGroup = 4D45E78522DDD1AB008AC433;
			packageReferences = (
				4DB043DC2BCA090E00A3901F /* XCRemoteSwiftPackageReference "WhizUtilKit" */,
			);
			productRefGroup = 4D45E78F22DDD1AB008AC433 /* Products */;
			projectDirPath = "";
			projectRoot = "";
			targets = (
				4D45E78D22DDD1AB008AC433 /* Shortlist */,
				4D45E7A122DDD1AD008AC433 /* ShortlistTests */,
				4D45E7AC22DDD1AD008AC433 /* ShortlistUITests */,
				4DF3E36E2403E01F002B402C /* ScreenshotTester */,
			);
		};
/* End PBXProject section */

/* Begin PBXResourcesBuildPhase section */
		4D45E78C22DDD1AB008AC433 /* Resources */ = {
			isa = PBXResourcesBuildPhase;
			buildActionMask = 2147483647;
			files = (
				4DB043E42BCA364800A3901F /* Main.storyboard in Resources */,
				4D45E79C22DDD1AD008AC433 /* LaunchScreen.storyboard in Resources */,
				4D45E79922DDD1AD008AC433 /* Assets.xcassets in Resources */,
			);
			runOnlyForDeploymentPostprocessing = 0;
		};
		4D45E7A022DDD1AD008AC433 /* Resources */ = {
			isa = PBXResourcesBuildPhase;
			buildActionMask = 2147483647;
			files = (
			);
			runOnlyForDeploymentPostprocessing = 0;
		};
		4D45E7AB22DDD1AD008AC433 /* Resources */ = {
			isa = PBXResourcesBuildPhase;
			buildActionMask = 2147483647;
			files = (
			);
			runOnlyForDeploymentPostprocessing = 0;
		};
		4DF3E36D2403E01F002B402C /* Resources */ = {
			isa = PBXResourcesBuildPhase;
			buildActionMask = 2147483647;
			files = (
			);
			runOnlyForDeploymentPostprocessing = 0;
		};
/* End PBXResourcesBuildPhase section */

/* Begin PBXSourcesBuildPhase section */
		4D45E78A22DDD1AB008AC433 /* Sources */ = {
			isa = PBXSourcesBuildPhase;
			buildActionMask = 2147483647;
			files = (
				4DB0A83E2C2FA3D9005072C9 /* SLStatus+CoreDataClass.swift in Sources */,
				4DCD042C25247231005B97F1 /* Constants.swift in Sources */,
				4D60F13524C8870200979912 /* TaskListViewController.swift in Sources */,
				4DB0A83C2C2FA3D9005072C9 /* SLCategory+CoreDataClass.swift in Sources */,
				4D6CEE5B2C30E1600023BDC4 /* UIColor+AppColors.swift in Sources */,
				4DB0A8472C2FA42F005072C9 /* SLTask+Methods.swift in Sources */,
				4DB0A83F2C2FA3D9005072C9 /* SLStatus+CoreDataProperties.swift in Sources */,
				4D8D363A2BC9B447008713C2 /* TaskListCoordinator.swift in Sources */,
				4D2F65F72C154C85001ADB4A /* Coordinator.swift in Sources */,
				4D78ABF722DF0C9C001FD57F /* ShortlistModel.xcdatamodeld in Sources */,
				4D404BF72BCB758100923ADB /* SLTaskCell.swift in Sources */,
				4D9D22212C1D1E3A00925E1B /* Refreshable.swift in Sources */,
				4D45E79222DDD1AB008AC433 /* AppDelegate.swift in Sources */,
				4D09D56D2C1B6889002735BA /* TaskDetailsCoordinator.swift in Sources */,
				4D7017122C5DBFE10007F029 /* DatasourceSupervisor.swift in Sources */,
				4D1C12032C2F932800E15BD2 /* TaskStatus.swift in Sources */,
				4DB043D32BCA028A00A3901F /* UICollectionViewLayout+Extension.swift in Sources */,
				4D962AB82C1E0E360081D07F /* CoreDataStack+Extension.swift in Sources */,
				4D6339982BEDA3C600E3EE32 /* TaskDetailsViewController.swift in Sources */,
				4D6F157A2C2F29B30079E79B /* LocationService.swift in Sources */,
				4DB0A83D2C2FA3D9005072C9 /* SLCategory+CoreDataProperties.swift in Sources */,
				4DB0A8402C2FA3D9005072C9 /* SLTask+CoreDataClass.swift in Sources */,
				4D598B6422EEBE480020076D /* CoreDataStack.swift in Sources */,
				4D9D22252C1D3ADE00925E1B /* Date+Extension.swift in Sources */,
				4DB043E22BCA33CB00A3901F /* SceneDelegate.swift in Sources */,
				4D63399C2BEDF66300E3EE32 /* Binding.swift in Sources */,
				4D8D363C2BC9B45B008713C2 /* TaskListViewModel.swift in Sources */,
				4D63399A2BEDC09700E3EE32 /* TaskDetailsViewModel.swift in Sources */,
				4D6F157E2C2F2A790079E79B /* PriorityLevel.swift in Sources */,
				4DDD01002C5473FD0037125E /* SettingsManager.swift in Sources */,
				4DB043E02BCA216100A3901F /* UICollectionView+Extension.swift in Sources */,
				4DF4A37D2BE98220008A4FF3 /* TaskManager.swift in Sources */,
				4DB0A8412C2FA3D9005072C9 /* SLTask+CoreDataProperties.swift in Sources */,
			);
			runOnlyForDeploymentPostprocessing = 0;
		};
		4D45E79E22DDD1AD008AC433 /* Sources */ = {
			isa = PBXSourcesBuildPhase;
			buildActionMask = 2147483647;
			files = (
				4D45E7A722DDD1AD008AC433 /* FiveTests.swift in Sources */,
			);
			runOnlyForDeploymentPostprocessing = 0;
		};
		4D45E7A922DDD1AD008AC433 /* Sources */ = {
			isa = PBXSourcesBuildPhase;
			buildActionMask = 2147483647;
			files = (
				4D45E7B222DDD1AD008AC433 /* FiveUITests.swift in Sources */,
			);
			runOnlyForDeploymentPostprocessing = 0;
		};
		4DF3E36B2403E01F002B402C /* Sources */ = {
			isa = PBXSourcesBuildPhase;
			buildActionMask = 2147483647;
			files = (
				4DF3E3722403E01F002B402C /* ScreenshotTester.swift in Sources */,
				4DF3E3792403E0F2002B402C /* SnapshotHelper.swift in Sources */,
			);
			runOnlyForDeploymentPostprocessing = 0;
		};
/* End PBXSourcesBuildPhase section */

/* Begin PBXTargetDependency section */
		4D45E7A422DDD1AD008AC433 /* PBXTargetDependency */ = {
			isa = PBXTargetDependency;
			target = 4D45E78D22DDD1AB008AC433 /* Shortlist */;
			targetProxy = 4D45E7A322DDD1AD008AC433 /* PBXContainerItemProxy */;
		};
		4D45E7AF22DDD1AD008AC433 /* PBXTargetDependency */ = {
			isa = PBXTargetDependency;
			target = 4D45E78D22DDD1AB008AC433 /* Shortlist */;
			targetProxy = 4D45E7AE22DDD1AD008AC433 /* PBXContainerItemProxy */;
		};
		4DF3E3752403E01F002B402C /* PBXTargetDependency */ = {
			isa = PBXTargetDependency;
			target = 4D45E78D22DDD1AB008AC433 /* Shortlist */;
			targetProxy = 4DF3E3742403E01F002B402C /* PBXContainerItemProxy */;
		};
/* End PBXTargetDependency section */

/* Begin PBXVariantGroup section */
		4D45E79A22DDD1AD008AC433 /* LaunchScreen.storyboard */ = {
			isa = PBXVariantGroup;
			children = (
				4D45E79B22DDD1AD008AC433 /* Base */,
			);
			name = LaunchScreen.storyboard;
			sourceTree = "<group>";
		};
		4D45E7BB22DDD1AD008AC433 /* Interface.storyboard */ = {
			isa = PBXVariantGroup;
			children = (
				4D45E7BC22DDD1AD008AC433 /* Base */,
			);
			name = Interface.storyboard;
			sourceTree = "<group>";
		};
/* End PBXVariantGroup section */

/* Begin XCBuildConfiguration section */
		4D45E7D422DDD1AF008AC433 /* Debug */ = {
			isa = XCBuildConfiguration;
			buildSettings = {
				ALWAYS_SEARCH_USER_PATHS = NO;
				CLANG_ANALYZER_NONNULL = YES;
				CLANG_ANALYZER_NUMBER_OBJECT_CONVERSION = YES_AGGRESSIVE;
				CLANG_CXX_LANGUAGE_STANDARD = "gnu++14";
				CLANG_CXX_LIBRARY = "libc++";
				CLANG_ENABLE_MODULES = YES;
				CLANG_ENABLE_OBJC_ARC = YES;
				CLANG_ENABLE_OBJC_WEAK = YES;
				CLANG_WARN_BLOCK_CAPTURE_AUTORELEASING = YES;
				CLANG_WARN_BOOL_CONVERSION = YES;
				CLANG_WARN_COMMA = YES;
				CLANG_WARN_CONSTANT_CONVERSION = YES;
				CLANG_WARN_DEPRECATED_OBJC_IMPLEMENTATIONS = YES;
				CLANG_WARN_DIRECT_OBJC_ISA_USAGE = YES_ERROR;
				CLANG_WARN_DOCUMENTATION_COMMENTS = YES;
				CLANG_WARN_EMPTY_BODY = YES;
				CLANG_WARN_ENUM_CONVERSION = YES;
				CLANG_WARN_INFINITE_RECURSION = YES;
				CLANG_WARN_INT_CONVERSION = YES;
				CLANG_WARN_NON_LITERAL_NULL_CONVERSION = YES;
				CLANG_WARN_OBJC_IMPLICIT_RETAIN_SELF = YES;
				CLANG_WARN_OBJC_LITERAL_CONVERSION = YES;
				CLANG_WARN_OBJC_ROOT_CLASS = YES_ERROR;
				CLANG_WARN_QUOTED_INCLUDE_IN_FRAMEWORK_HEADER = YES;
				CLANG_WARN_RANGE_LOOP_ANALYSIS = YES;
				CLANG_WARN_STRICT_PROTOTYPES = YES;
				CLANG_WARN_SUSPICIOUS_MOVE = YES;
				CLANG_WARN_UNGUARDED_AVAILABILITY = YES_AGGRESSIVE;
				CLANG_WARN_UNREACHABLE_CODE = YES;
				CLANG_WARN__DUPLICATE_METHOD_MATCH = YES;
				CODE_SIGN_IDENTITY = "iPhone Developer";
				COPY_PHASE_STRIP = NO;
				DEBUG_INFORMATION_FORMAT = dwarf;
				ENABLE_STRICT_OBJC_MSGSEND = YES;
				ENABLE_TESTABILITY = YES;
				ENABLE_USER_SCRIPT_SANDBOXING = YES;
				GCC_C_LANGUAGE_STANDARD = gnu11;
				GCC_DYNAMIC_NO_PIC = NO;
				GCC_NO_COMMON_BLOCKS = YES;
				GCC_OPTIMIZATION_LEVEL = 0;
				GCC_PREPROCESSOR_DEFINITIONS = (
					"DEBUG=1",
					"$(inherited)",
				);
				GCC_WARN_64_TO_32_BIT_CONVERSION = YES;
				GCC_WARN_ABOUT_RETURN_TYPE = YES_ERROR;
				GCC_WARN_UNDECLARED_SELECTOR = YES;
				GCC_WARN_UNINITIALIZED_AUTOS = YES_AGGRESSIVE;
				GCC_WARN_UNUSED_FUNCTION = YES;
				GCC_WARN_UNUSED_VARIABLE = YES;
				IPHONEOS_DEPLOYMENT_TARGET = 14.0;
				MTL_ENABLE_DEBUG_INFO = INCLUDE_SOURCE;
				MTL_FAST_MATH = YES;
				ONLY_ACTIVE_ARCH = YES;
				SDKROOT = iphoneos;
				SWIFT_ACTIVE_COMPILATION_CONDITIONS = DEBUG;
				SWIFT_OPTIMIZATION_LEVEL = "-Onone";
			};
			name = Debug;
		};
		4D45E7D522DDD1AF008AC433 /* Release */ = {
			isa = XCBuildConfiguration;
			buildSettings = {
				ALWAYS_SEARCH_USER_PATHS = NO;
				CLANG_ANALYZER_NONNULL = YES;
				CLANG_ANALYZER_NUMBER_OBJECT_CONVERSION = YES_AGGRESSIVE;
				CLANG_CXX_LANGUAGE_STANDARD = "gnu++14";
				CLANG_CXX_LIBRARY = "libc++";
				CLANG_ENABLE_MODULES = YES;
				CLANG_ENABLE_OBJC_ARC = YES;
				CLANG_ENABLE_OBJC_WEAK = YES;
				CLANG_WARN_BLOCK_CAPTURE_AUTORELEASING = YES;
				CLANG_WARN_BOOL_CONVERSION = YES;
				CLANG_WARN_COMMA = YES;
				CLANG_WARN_CONSTANT_CONVERSION = YES;
				CLANG_WARN_DEPRECATED_OBJC_IMPLEMENTATIONS = YES;
				CLANG_WARN_DIRECT_OBJC_ISA_USAGE = YES_ERROR;
				CLANG_WARN_DOCUMENTATION_COMMENTS = YES;
				CLANG_WARN_EMPTY_BODY = YES;
				CLANG_WARN_ENUM_CONVERSION = YES;
				CLANG_WARN_INFINITE_RECURSION = YES;
				CLANG_WARN_INT_CONVERSION = YES;
				CLANG_WARN_NON_LITERAL_NULL_CONVERSION = YES;
				CLANG_WARN_OBJC_IMPLICIT_RETAIN_SELF = YES;
				CLANG_WARN_OBJC_LITERAL_CONVERSION = YES;
				CLANG_WARN_OBJC_ROOT_CLASS = YES_ERROR;
				CLANG_WARN_QUOTED_INCLUDE_IN_FRAMEWORK_HEADER = YES;
				CLANG_WARN_RANGE_LOOP_ANALYSIS = YES;
				CLANG_WARN_STRICT_PROTOTYPES = YES;
				CLANG_WARN_SUSPICIOUS_MOVE = YES;
				CLANG_WARN_UNGUARDED_AVAILABILITY = YES_AGGRESSIVE;
				CLANG_WARN_UNREACHABLE_CODE = YES;
				CLANG_WARN__DUPLICATE_METHOD_MATCH = YES;
				CODE_SIGN_IDENTITY = "iPhone Developer";
				COPY_PHASE_STRIP = NO;
				DEBUG_INFORMATION_FORMAT = "dwarf-with-dsym";
				ENABLE_NS_ASSERTIONS = NO;
				ENABLE_STRICT_OBJC_MSGSEND = YES;
				ENABLE_USER_SCRIPT_SANDBOXING = YES;
				GCC_C_LANGUAGE_STANDARD = gnu11;
				GCC_NO_COMMON_BLOCKS = YES;
				GCC_WARN_64_TO_32_BIT_CONVERSION = YES;
				GCC_WARN_ABOUT_RETURN_TYPE = YES_ERROR;
				GCC_WARN_UNDECLARED_SELECTOR = YES;
				GCC_WARN_UNINITIALIZED_AUTOS = YES_AGGRESSIVE;
				GCC_WARN_UNUSED_FUNCTION = YES;
				GCC_WARN_UNUSED_VARIABLE = YES;
				IPHONEOS_DEPLOYMENT_TARGET = 14.0;
				MTL_ENABLE_DEBUG_INFO = NO;
				MTL_FAST_MATH = YES;
				SDKROOT = iphoneos;
				SWIFT_COMPILATION_MODE = wholemodule;
				SWIFT_OPTIMIZATION_LEVEL = "-O";
				VALIDATE_PRODUCT = YES;
			};
			name = Release;
		};
		4D45E7DF22DDD1AF008AC433 /* Debug */ = {
			isa = XCBuildConfiguration;
			buildSettings = {
				ASSETCATALOG_COMPILER_APPICON_NAME = AppIcon;
				CLANG_ENABLE_MODULES = YES;
				CODE_SIGN_ENTITLEMENTS = Shortlist/Five.entitlements;
				CODE_SIGN_IDENTITY = "Apple Development";
				CODE_SIGN_STYLE = Automatic;
				CURRENT_PROJECT_VERSION = 59;
				DEVELOPMENT_TEAM = GEKZN86RYS;
				INFOPLIST_FILE = Shortlist/Info.plist;
				IPHONEOS_DEPLOYMENT_TARGET = 15.0;
				LD_RUNPATH_SEARCH_PATHS = (
					"$(inherited)",
					"@executable_path/Frameworks",
				);
				MARKETING_VERSION = 3.0.0;
				PRODUCT_BUNDLE_IDENTIFIER = com.whizbang.shortlist;
				PRODUCT_NAME = "$(TARGET_NAME)";
				PROVISIONING_PROFILE_SPECIFIER = "";
				SWIFT_OPTIMIZATION_LEVEL = "-Onone";
				SWIFT_VERSION = 5.0;
				TARGETED_DEVICE_FAMILY = 1;
				VERSIONING_SYSTEM = "apple-generic";
			};
			name = Debug;
		};
		4D45E7E022DDD1AF008AC433 /* Release */ = {
			isa = XCBuildConfiguration;
			buildSettings = {
				ASSETCATALOG_COMPILER_APPICON_NAME = AppIcon;
				CLANG_ENABLE_MODULES = YES;
				CODE_SIGN_ENTITLEMENTS = Shortlist/Five.entitlements;
				CODE_SIGN_IDENTITY = "Apple Development";
				CODE_SIGN_STYLE = Automatic;
				CURRENT_PROJECT_VERSION = 59;
				DEVELOPMENT_TEAM = GEKZN86RYS;
				INFOPLIST_FILE = Shortlist/Info.plist;
				IPHONEOS_DEPLOYMENT_TARGET = 15.0;
				LD_RUNPATH_SEARCH_PATHS = (
					"$(inherited)",
					"@executable_path/Frameworks",
				);
				MARKETING_VERSION = 3.0.0;
				PRODUCT_BUNDLE_IDENTIFIER = com.whizbang.shortlist;
				PRODUCT_NAME = "$(TARGET_NAME)";
				PROVISIONING_PROFILE_SPECIFIER = "";
				SWIFT_VERSION = 5.0;
				TARGETED_DEVICE_FAMILY = 1;
				VERSIONING_SYSTEM = "apple-generic";
			};
			name = Release;
		};
		4D45E7E222DDD1AF008AC433 /* Debug */ = {
			isa = XCBuildConfiguration;
			buildSettings = {
				ALWAYS_EMBED_SWIFT_STANDARD_LIBRARIES = YES;
				BUNDLE_LOADER = "$(TEST_HOST)";
				CODE_SIGN_STYLE = Automatic;
				DEVELOPMENT_TEAM = GEKZN86RYS;
				INFOPLIST_FILE = ShortlistTests/Info.plist;
				IPHONEOS_DEPLOYMENT_TARGET = 14.0;
				LD_RUNPATH_SEARCH_PATHS = (
					"$(inherited)",
					"@executable_path/Frameworks",
					"@loader_path/Frameworks",
				);
				PRODUCT_BUNDLE_IDENTIFIER = com.whizbang.FiveTests;
				PRODUCT_NAME = "$(TARGET_NAME)";
				SWIFT_VERSION = 5.0;
				TARGETED_DEVICE_FAMILY = "1,2";
				TEST_HOST = "$(BUILT_PRODUCTS_DIR)/Shortlist.app/Shortlist";
			};
			name = Debug;
		};
		4D45E7E322DDD1AF008AC433 /* Release */ = {
			isa = XCBuildConfiguration;
			buildSettings = {
				ALWAYS_EMBED_SWIFT_STANDARD_LIBRARIES = YES;
				BUNDLE_LOADER = "$(TEST_HOST)";
				CODE_SIGN_STYLE = Automatic;
				DEVELOPMENT_TEAM = GEKZN86RYS;
				INFOPLIST_FILE = ShortlistTests/Info.plist;
				IPHONEOS_DEPLOYMENT_TARGET = 14.0;
				LD_RUNPATH_SEARCH_PATHS = (
					"$(inherited)",
					"@executable_path/Frameworks",
					"@loader_path/Frameworks",
				);
				PRODUCT_BUNDLE_IDENTIFIER = com.whizbang.FiveTests;
				PRODUCT_NAME = "$(TARGET_NAME)";
				SWIFT_VERSION = 5.0;
				TARGETED_DEVICE_FAMILY = "1,2";
				TEST_HOST = "$(BUILT_PRODUCTS_DIR)/Shortlist.app/Shortlist";
			};
			name = Release;
		};
		4D45E7E522DDD1AF008AC433 /* Debug */ = {
			isa = XCBuildConfiguration;
			buildSettings = {
				ALWAYS_EMBED_SWIFT_STANDARD_LIBRARIES = YES;
				CODE_SIGN_STYLE = Automatic;
				DEVELOPMENT_TEAM = GEKZN86RYS;
				INFOPLIST_FILE = ShortlistUITests/Info.plist;
				IPHONEOS_DEPLOYMENT_TARGET = 13.0;
				LD_RUNPATH_SEARCH_PATHS = (
					"$(inherited)",
					"@executable_path/Frameworks",
					"@loader_path/Frameworks",
				);
				PRODUCT_BUNDLE_IDENTIFIER = com.whizbang.FiveUITests;
				PRODUCT_NAME = "$(TARGET_NAME)";
				PROVISIONING_PROFILE = "";
				SWIFT_VERSION = 5.0;
				TARGETED_DEVICE_FAMILY = "1,2";
				TEST_TARGET_NAME = Shortlist;
			};
			name = Debug;
		};
		4D45E7E622DDD1AF008AC433 /* Release */ = {
			isa = XCBuildConfiguration;
			buildSettings = {
				ALWAYS_EMBED_SWIFT_STANDARD_LIBRARIES = YES;
				CODE_SIGN_STYLE = Automatic;
				DEVELOPMENT_TEAM = GEKZN86RYS;
				INFOPLIST_FILE = ShortlistUITests/Info.plist;
				IPHONEOS_DEPLOYMENT_TARGET = 13.0;
				LD_RUNPATH_SEARCH_PATHS = (
					"$(inherited)",
					"@executable_path/Frameworks",
					"@loader_path/Frameworks",
				);
				PRODUCT_BUNDLE_IDENTIFIER = com.whizbang.FiveUITests;
				PRODUCT_NAME = "$(TARGET_NAME)";
				PROVISIONING_PROFILE = "";
				SWIFT_VERSION = 5.0;
				TARGETED_DEVICE_FAMILY = "1,2";
				TEST_TARGET_NAME = Shortlist;
			};
			name = Release;
		};
		4DF3E3772403E01F002B402C /* Debug */ = {
			isa = XCBuildConfiguration;
			buildSettings = {
				CODE_SIGN_STYLE = Automatic;
				DEVELOPMENT_TEAM = GEKZN86RYS;
				INFOPLIST_FILE = ScreenshotTester/Info.plist;
				IPHONEOS_DEPLOYMENT_TARGET = 13.2;
				LD_RUNPATH_SEARCH_PATHS = (
					"$(inherited)",
					"@executable_path/Frameworks",
					"@loader_path/Frameworks",
				);
				PRODUCT_BUNDLE_IDENTIFIER = com.whizbang.ScreenshotTester;
				PRODUCT_NAME = "$(TARGET_NAME)";
				SWIFT_VERSION = 5.0;
				TARGETED_DEVICE_FAMILY = "1,2";
				TEST_TARGET_NAME = Shortlist;
			};
			name = Debug;
		};
		4DF3E3782403E01F002B402C /* Release */ = {
			isa = XCBuildConfiguration;
			buildSettings = {
				CODE_SIGN_STYLE = Automatic;
				DEVELOPMENT_TEAM = GEKZN86RYS;
				INFOPLIST_FILE = ScreenshotTester/Info.plist;
				IPHONEOS_DEPLOYMENT_TARGET = 13.2;
				LD_RUNPATH_SEARCH_PATHS = (
					"$(inherited)",
					"@executable_path/Frameworks",
					"@loader_path/Frameworks",
				);
				PRODUCT_BUNDLE_IDENTIFIER = com.whizbang.ScreenshotTester;
				PRODUCT_NAME = "$(TARGET_NAME)";
				SWIFT_VERSION = 5.0;
				TARGETED_DEVICE_FAMILY = "1,2";
				TEST_TARGET_NAME = Shortlist;
			};
			name = Release;
		};
/* End XCBuildConfiguration section */

/* Begin XCConfigurationList section */
		4D45E78922DDD1AB008AC433 /* Build configuration list for PBXProject "Shortlist" */ = {
			isa = XCConfigurationList;
			buildConfigurations = (
				4D45E7D422DDD1AF008AC433 /* Debug */,
				4D45E7D522DDD1AF008AC433 /* Release */,
			);
			defaultConfigurationIsVisible = 0;
			defaultConfigurationName = Release;
		};
		4D45E7DE22DDD1AF008AC433 /* Build configuration list for PBXNativeTarget "Shortlist" */ = {
			isa = XCConfigurationList;
			buildConfigurations = (
				4D45E7DF22DDD1AF008AC433 /* Debug */,
				4D45E7E022DDD1AF008AC433 /* Release */,
			);
			defaultConfigurationIsVisible = 0;
			defaultConfigurationName = Release;
		};
		4D45E7E122DDD1AF008AC433 /* Build configuration list for PBXNativeTarget "ShortlistTests" */ = {
			isa = XCConfigurationList;
			buildConfigurations = (
				4D45E7E222DDD1AF008AC433 /* Debug */,
				4D45E7E322DDD1AF008AC433 /* Release */,
			);
			defaultConfigurationIsVisible = 0;
			defaultConfigurationName = Release;
		};
		4D45E7E422DDD1AF008AC433 /* Build configuration list for PBXNativeTarget "ShortlistUITests" */ = {
			isa = XCConfigurationList;
			buildConfigurations = (
				4D45E7E522DDD1AF008AC433 /* Debug */,
				4D45E7E622DDD1AF008AC433 /* Release */,
			);
			defaultConfigurationIsVisible = 0;
			defaultConfigurationName = Release;
		};
		4DF3E3762403E01F002B402C /* Build configuration list for PBXNativeTarget "ScreenshotTester" */ = {
			isa = XCConfigurationList;
			buildConfigurations = (
				4DF3E3772403E01F002B402C /* Debug */,
				4DF3E3782403E01F002B402C /* Release */,
			);
			defaultConfigurationIsVisible = 0;
			defaultConfigurationName = Release;
		};
/* End XCConfigurationList section */

/* Begin XCRemoteSwiftPackageReference section */
		4DB043DC2BCA090E00A3901F /* XCRemoteSwiftPackageReference "WhizUtilKit" */ = {
			isa = XCRemoteSwiftPackageReference;
			repositoryURL = "git@github.com:markhmwong/WhizUtilKit.git";
			requirement = {
				kind = upToNextMinorVersion;
				minimumVersion = 1.0.0;
			};
		};
/* End XCRemoteSwiftPackageReference section */

/* Begin XCSwiftPackageProductDependency section */
		4DB043DD2BCA090E00A3901F /* WhizUtilKit */ = {
			isa = XCSwiftPackageProductDependency;
			package = 4DB043DC2BCA090E00A3901F /* XCRemoteSwiftPackageReference "WhizUtilKit" */;
			productName = WhizUtilKit;
		};
/* End XCSwiftPackageProductDependency section */

/* Begin XCVersionGroup section */
		4D78ABF522DF0C9C001FD57F /* ShortlistModel.xcdatamodeld */ = {
			isa = XCVersionGroup;
			children = (
				4DC8FAA22566703A001892A4 /* FiveModel 15.xcdatamodel */,
				4DCB1D41252F520E00F13A64 /* FiveModel 14.xcdatamodel */,
				4D4DDC7F2529931D0016697D /* FiveModel 13.xcdatamodel */,
				4DCD040725239082005B97F1 /* FiveModel 12.xcdatamodel */,
				4DC93E3525189A16002B58AB /* FiveModel 11.xcdatamodel */,
				4DC93DF82515E0B8002B58AB /* FiveModel 10.xcdatamodel */,
				4DED000924361031009BA525 /* FiveModel 9.xcdatamodel */,
				4DD8C76C23BF139800098A02 /* FiveModel 8.xcdatamodel */,
				4D6E753E2357699400C67B8F /* FiveModel 7.xcdatamodel */,
				4DC6950B234CD09B00CB4A6E /* FiveModel 6.xcdatamodel */,
				4DC6950A234CCD6300CB4A6E /* FiveModel 5.xcdatamodel */,
				4D646B4023290D7C00073FD6 /* FiveModel 4.xcdatamodel */,
				4D646B3F23264C1300073FD6 /* FiveModel 3.xcdatamodel */,
				4D64285222F730A70057E3BA /* FiveModel 2.xcdatamodel */,
				4D78ABF622DF0C9C001FD57F /* FiveModel.xcdatamodel */,
			);
			currentVersion = 4D78ABF622DF0C9C001FD57F /* FiveModel.xcdatamodel */;
			path = ShortlistModel.xcdatamodeld;
			sourceTree = "<group>";
			versionGroupType = wrapper.xcdatamodel;
		};
/* End XCVersionGroup section */
	};
	rootObject = 4D45E78622DDD1AB008AC433 /* Project object */;
}
